
Microsoft Visual Studio Solution File, Format Version 12.00
# Visual Studio Version 17
VisualStudioVersion = 17.7.34024.191
MinimumVisualStudioVersion = 10.0.40219.1
Project("{FAE04EC0-301F-11D3-BF4B-00C04F79EFBC}") = "SQLite-Excercise-14", "SQLite-Excercise-14\SQLite-Excercise-14.csproj", "{79C33E29-0A9C-4D32-84CF-F74F4F982DCA}"
EndProject
Global
	GlobalSection(SolutionConfigurationPlatforms) = preSolution
		Debug|Any CPU = Debug|Any CPU
		Release|Any CPU = Release|Any CPU
	EndGlobalSection
	GlobalSection(ProjectConfigurationPlatforms) = postSolution
		{79C33E29-0A9C-4D32-84CF-F74F4F982DCA}.Debug|Any CPU.ActiveCfg = Debug|Any CPU
		{79C33E29-0A9C-4D32-84CF-F74F4F982DCA}.Debug|Any CPU.Build.0 = Debug|Any CPU
		{79C33E29-0A9C-4D32-84CF-F74F4F982DCA}.Release|Any CPU.ActiveCfg = Release|Any CPU
		{79C33E29-0A9C-4D32-84CF-F74F4F982DCA}.Release|Any CPU.Build.0 = Release|Any CPU
	EndGlobalSection
	GlobalSection(SolutionProperties) = preSolution
		HideSolutionNode = FALSE
	EndGlobalSection
	GlobalSection(ExtensibilityGlobals) = postSolution
		SolutionGuid = {358851B8-3712-458C-978D-3E3A275B37DE}
	EndGlobalSection
EndGlobal
