
Microsoft Visual Studio Solution File, Format Version 12.00
# Visual Studio Version 17
VisualStudioVersion = 17.7.34024.191
MinimumVisualStudioVersion = 10.0.40219.1
Project("{FAE04EC0-301F-11D3-BF4B-00C04F79EFBC}") = "MessestandBackend", "MessestandBackend\MessestandBackend.csproj", "{02BC8534-B8CE-4288-B4B5-F4B64AB056E2}"
EndProject
Global
	GlobalSection(SolutionConfigurationPlatforms) = preSolution
		Debug|Any CPU = Debug|Any CPU
		Release|Any CPU = Release|Any CPU
	EndGlobalSection
	GlobalSection(ProjectConfigurationPlatforms) = postSolution
		{02BC8534-B8CE-4288-B4B5-F4B64AB056E2}.Debug|Any CPU.ActiveCfg = Debug|Any CPU
		{02BC8534-B8CE-4288-B4B5-F4B64AB056E2}.Debug|Any CPU.Build.0 = Debug|Any CPU
		{02BC8534-B8CE-4288-B4B5-F4B64AB056E2}.Release|Any CPU.ActiveCfg = Release|Any CPU
		{02BC8534-B8CE-4288-B4B5-F4B64AB056E2}.Release|Any CPU.Build.0 = Release|Any CPU
	EndGlobalSection
	GlobalSection(SolutionProperties) = preSolution
		HideSolutionNode = FALSE
	EndGlobalSection
	GlobalSection(ExtensibilityGlobals) = postSolution
		SolutionGuid = {4804065E-810F-4275-AAA4-094F7E8CC587}
	EndGlobalSection
EndGlobal
